
Microsoft Visual Studio Solution File, Format Version 12.00
# Visual Studio Version 17
VisualStudioVersion = 17.0.31903.59
MinimumVisualStudioVersion = 10.0.40219.1
Project("{FAE04EC0-301F-11D3-BF4B-00C04F79EFBC}") = "DSA_Session04_Basics", "DSA_Session04_Basics\DSA_Session04_Basics.csproj", "{5BB83181-66D6-4EEA-BEBE-61FD6C3E7E8E}"
EndProject
Project("{FAE04EC0-301F-11D3-BF4B-00C04F79EFBC}") = "DSA_Session04_Sorting", "DSA_Session04_Sorting\DSA_Session04_Sorting.csproj", "{0D6DA8A5-CC85-4907-A212-67ECBEFD1BA9}"
EndProject
Global
	GlobalSection(SolutionConfigurationPlatforms) = preSolution
		Debug|Any CPU = Debug|Any CPU
		Release|Any CPU = Release|Any CPU
	EndGlobalSection
	GlobalSection(SolutionProperties) = preSolution
		HideSolutionNode = FALSE
	EndGlobalSection
	GlobalSection(ProjectConfigurationPlatforms) = postSolution
		{5BB83181-66D6-4EEA-BEBE-61FD6C3E7E8E}.Debug|Any CPU.ActiveCfg = Debug|Any CPU
		{5BB83181-66D6-4EEA-BEBE-61FD6C3E7E8E}.Debug|Any CPU.Build.0 = Debug|Any CPU
		{5BB83181-66D6-4EEA-BEBE-61FD6C3E7E8E}.Release|Any CPU.ActiveCfg = Release|Any CPU
		{5BB83181-66D6-4EEA-BEBE-61FD6C3E7E8E}.Release|Any CPU.Build.0 = Release|Any CPU
		{0D6DA8A5-CC85-4907-A212-67ECBEFD1BA9}.Debug|Any CPU.ActiveCfg = Debug|Any CPU
		{0D6DA8A5-CC85-4907-A212-67ECBEFD1BA9}.Debug|Any CPU.Build.0 = Debug|Any CPU
		{0D6DA8A5-CC85-4907-A212-67ECBEFD1BA9}.Release|Any CPU.ActiveCfg = Release|Any CPU
		{0D6DA8A5-CC85-4907-A212-67ECBEFD1BA9}.Release|Any CPU.Build.0 = Release|Any CPU
	EndGlobalSection
EndGlobal
